
Microsoft Visual Studio Solution File, Format Version 12.00
# Visual Studio Version 17
VisualStudioVersion = 17.9.34714.143
MinimumVisualStudioVersion = 10.0.40219.1
Project("{FAE04EC0-301F-11D3-BF4B-00C04F79EFBC}") = "EcommerceAPI", "EcommerceAPI\EcommerceAPI.csproj", "{20B8119B-DA25-478D-BF1F-6EE4482E4DF0}"
EndProject
Global
	GlobalSection(SolutionConfigurationPlatforms) = preSolution
		Debug|Any CPU = Debug|Any CPU
		Release|Any CPU = Release|Any CPU
	EndGlobalSection
	GlobalSection(ProjectConfigurationPlatforms) = postSolution
		{20B8119B-DA25-478D-BF1F-6EE4482E4DF0}.Debug|Any CPU.ActiveCfg = Debug|Any CPU
		{20B8119B-DA25-478D-BF1F-6EE4482E4DF0}.Debug|Any CPU.Build.0 = Debug|Any CPU
		{20B8119B-DA25-478D-BF1F-6EE4482E4DF0}.Release|Any CPU.ActiveCfg = Release|Any CPU
		{20B8119B-DA25-478D-BF1F-6EE4482E4DF0}.Release|Any CPU.Build.0 = Release|Any CPU
	EndGlobalSection
	GlobalSection(SolutionProperties) = preSolution
		HideSolutionNode = FALSE
	EndGlobalSection
	GlobalSection(ExtensibilityGlobals) = postSolution
		SolutionGuid = {E76AB4C2-3776-47E1-9891-2B0ECA002D35}
	EndGlobalSection
EndGlobal
